
Microsoft Visual Studio Solution File, Format Version 12.00
# Visual Studio Version 17
VisualStudioVersion = 17.4.33103.184
MinimumVisualStudioVersion = 10.0.40219.1
Project("{FAE04EC0-301F-11D3-BF4B-00C04F79EFBC}") = "GoldServices", "GoldServices\GoldServices.csproj", "{EC702F1E-B791-4ED3-960F-0128DFDB8CA7}"
EndProject
Project("{FAE04EC0-301F-11D3-BF4B-00C04F79EFBC}") = "SilverServices", "SilverServices\SilverServices.csproj", "{AD82FF80-6466-418E-BE4C-235C50CBD9F2}"
EndProject
Global
	GlobalSection(SolutionConfigurationPlatforms) = preSolution
		Debug|Any CPU = Debug|Any CPU
		Release|Any CPU = Release|Any CPU
	EndGlobalSection
	GlobalSection(ProjectConfigurationPlatforms) = postSolution
		{EC702F1E-B791-4ED3-960F-0128DFDB8CA7}.Debug|Any CPU.ActiveCfg = Debug|Any CPU
		{EC702F1E-B791-4ED3-960F-0128DFDB8CA7}.Debug|Any CPU.Build.0 = Debug|Any CPU
		{EC702F1E-B791-4ED3-960F-0128DFDB8CA7}.Release|Any CPU.ActiveCfg = Release|Any CPU
		{EC702F1E-B791-4ED3-960F-0128DFDB8CA7}.Release|Any CPU.Build.0 = Release|Any CPU
		{AD82FF80-6466-418E-BE4C-235C50CBD9F2}.Debug|Any CPU.ActiveCfg = Debug|Any CPU
		{AD82FF80-6466-418E-BE4C-235C50CBD9F2}.Debug|Any CPU.Build.0 = Debug|Any CPU
		{AD82FF80-6466-418E-BE4C-235C50CBD9F2}.Release|Any CPU.ActiveCfg = Release|Any CPU
		{AD82FF80-6466-418E-BE4C-235C50CBD9F2}.Release|Any CPU.Build.0 = Release|Any CPU
	EndGlobalSection
	GlobalSection(SolutionProperties) = preSolution
		HideSolutionNode = FALSE
	EndGlobalSection
	GlobalSection(ExtensibilityGlobals) = postSolution
		SolutionGuid = {D4502B78-EE19-4A3C-874C-25E192E9AB45}
	EndGlobalSection
EndGlobal
