
Microsoft Visual Studio Solution File, Format Version 12.00
# Visual Studio Version 17
VisualStudioVersion = 17.4.33103.184
MinimumVisualStudioVersion = 10.0.40219.1
Project("{9A19103F-16F7-4668-BE54-9A1E7A4F7556}") = "goldshop", "goldshop.csproj", "{BD66A72C-E15A-4969-940B-FE80C8DBD30B}"
EndProject
Global
	GlobalSection(SolutionConfigurationPlatforms) = preSolution
		Debug|Any CPU = Debug|Any CPU
		Release|Any CPU = Release|Any CPU
	EndGlobalSection
	GlobalSection(ProjectConfigurationPlatforms) = postSolution
		{BD66A72C-E15A-4969-940B-FE80C8DBD30B}.Debug|Any CPU.ActiveCfg = Debug|Any CPU
		{BD66A72C-E15A-4969-940B-FE80C8DBD30B}.Debug|Any CPU.Build.0 = Debug|Any CPU
		{BD66A72C-E15A-4969-940B-FE80C8DBD30B}.Release|Any CPU.ActiveCfg = Release|Any CPU
		{BD66A72C-E15A-4969-940B-FE80C8DBD30B}.Release|Any CPU.Build.0 = Release|Any CPU
	EndGlobalSection
	GlobalSection(SolutionProperties) = preSolution
		HideSolutionNode = FALSE
	EndGlobalSection
	GlobalSection(ExtensibilityGlobals) = postSolution
		SolutionGuid = {7AE316DD-6CC4-4718-A147-7A6DC89776D9}
	EndGlobalSection
EndGlobal
