
Microsoft Visual Studio Solution File, Format Version 12.00
# Visual Studio Version 17
VisualStudioVersion = 17.4.33103.184
MinimumVisualStudioVersion = 10.0.40219.1
Project("{FAE04EC0-301F-11D3-BF4B-00C04F79EFBC}") = "WebApi", "WebApi.csproj", "{71620BA2-ABBA-45EB-B099-5112AD14C7BD}"
EndProject
Global
	GlobalSection(SolutionConfigurationPlatforms) = preSolution
		Debug|Any CPU = Debug|Any CPU
		Release|Any CPU = Release|Any CPU
	EndGlobalSection
	GlobalSection(ProjectConfigurationPlatforms) = postSolution
		{71620BA2-ABBA-45EB-B099-5112AD14C7BD}.Debug|Any CPU.ActiveCfg = Debug|Any CPU
		{71620BA2-ABBA-45EB-B099-5112AD14C7BD}.Debug|Any CPU.Build.0 = Debug|Any CPU
		{71620BA2-ABBA-45EB-B099-5112AD14C7BD}.Release|Any CPU.ActiveCfg = Release|Any CPU
		{71620BA2-ABBA-45EB-B099-5112AD14C7BD}.Release|Any CPU.Build.0 = Release|Any CPU
	EndGlobalSection
	GlobalSection(SolutionProperties) = preSolution
		HideSolutionNode = FALSE
	EndGlobalSection
	GlobalSection(ExtensibilityGlobals) = postSolution
		SolutionGuid = {8591A0A5-5C76-40DE-815A-30341F8A9323}
	EndGlobalSection
EndGlobal
