
Microsoft Visual Studio Solution File, Format Version 12.00
# Visual Studio Version 17
VisualStudioVersion = 17.4.33103.184
MinimumVisualStudioVersion = 10.0.40219.1
Project("{FAE04EC0-301F-11D3-BF4B-00C04F79EFBC}") = "struct1", "struct1\struct1.csproj", "{5011F551-60E0-410D-AB29-8C6036F1ACBF}"
EndProject
Global
	GlobalSection(SolutionConfigurationPlatforms) = preSolution
		Debug|Any CPU = Debug|Any CPU
		Release|Any CPU = Release|Any CPU
	EndGlobalSection
	GlobalSection(ProjectConfigurationPlatforms) = postSolution
		{5011F551-60E0-410D-AB29-8C6036F1ACBF}.Debug|Any CPU.ActiveCfg = Debug|Any CPU
		{5011F551-60E0-410D-AB29-8C6036F1ACBF}.Debug|Any CPU.Build.0 = Debug|Any CPU
		{5011F551-60E0-410D-AB29-8C6036F1ACBF}.Release|Any CPU.ActiveCfg = Release|Any CPU
		{5011F551-60E0-410D-AB29-8C6036F1ACBF}.Release|Any CPU.Build.0 = Release|Any CPU
	EndGlobalSection
	GlobalSection(SolutionProperties) = preSolution
		HideSolutionNode = FALSE
	EndGlobalSection
	GlobalSection(ExtensibilityGlobals) = postSolution
		SolutionGuid = {AF26F1E0-58F6-4C8B-A86A-2C085BBC3204}
	EndGlobalSection
EndGlobal
