
Microsoft Visual Studio Solution File, Format Version 12.00
# Visual Studio Version 17
VisualStudioVersion = 17.4.33103.184
MinimumVisualStudioVersion = 10.0.40219.1
Project("{9A19103F-16F7-4668-BE54-9A1E7A4F7556}") = "Jewellery12", "Jewellery12\Jewellery12.csproj", "{94ADB42B-65E8-4F20-BF66-3A071DD24E71}"
EndProject
Global
	GlobalSection(SolutionConfigurationPlatforms) = preSolution
		Debug|Any CPU = Debug|Any CPU
		Release|Any CPU = Release|Any CPU
	EndGlobalSection
	GlobalSection(ProjectConfigurationPlatforms) = postSolution
		{94ADB42B-65E8-4F20-BF66-3A071DD24E71}.Debug|Any CPU.ActiveCfg = Debug|Any CPU
		{94ADB42B-65E8-4F20-BF66-3A071DD24E71}.Debug|Any CPU.Build.0 = Debug|Any CPU
		{94ADB42B-65E8-4F20-BF66-3A071DD24E71}.Release|Any CPU.ActiveCfg = Release|Any CPU
		{94ADB42B-65E8-4F20-BF66-3A071DD24E71}.Release|Any CPU.Build.0 = Release|Any CPU
	EndGlobalSection
	GlobalSection(SolutionProperties) = preSolution
		HideSolutionNode = FALSE
	EndGlobalSection
	GlobalSection(ExtensibilityGlobals) = postSolution
		SolutionGuid = {492EA9B7-1AAC-4957-BF81-82B6FD3D1587}
	EndGlobalSection
EndGlobal
