
Microsoft Visual Studio Solution File, Format Version 12.00
# Visual Studio Version 16
VisualStudioVersion = 16.0.30320.27
MinimumVisualStudioVersion = 10.0.40219.1
Project("{9A19103F-16F7-4668-BE54-9A1E7A4F7556}") = "exercise-inheritance-furniture", "exercise-inheritance-furniture\exercise-inheritance-furniture.csproj", "{D0A000B8-100C-4B61-9850-35F426378972}"
EndProject
Project("{9A19103F-16F7-4668-BE54-9A1E7A4F7556}") = "test", "test\test.csproj", "{E6A8F159-FF7F-467E-ACD6-D99E47C94DB9}"
EndProject
Global
	GlobalSection(SolutionConfigurationPlatforms) = preSolution
		Debug|Any CPU = Debug|Any CPU
		Release|Any CPU = Release|Any CPU
	EndGlobalSection
	GlobalSection(ProjectConfigurationPlatforms) = postSolution
		{D0A000B8-100C-4B61-9850-35F426378972}.Debug|Any CPU.ActiveCfg = Debug|Any CPU
		{D0A000B8-100C-4B61-9850-35F426378972}.Debug|Any CPU.Build.0 = Debug|Any CPU
		{D0A000B8-100C-4B61-9850-35F426378972}.Release|Any CPU.ActiveCfg = Release|Any CPU
		{D0A000B8-100C-4B61-9850-35F426378972}.Release|Any CPU.Build.0 = Release|Any CPU
		{E6A8F159-FF7F-467E-ACD6-D99E47C94DB9}.Debug|Any CPU.ActiveCfg = Debug|Any CPU
		{E6A8F159-FF7F-467E-ACD6-D99E47C94DB9}.Debug|Any CPU.Build.0 = Debug|Any CPU
		{E6A8F159-FF7F-467E-ACD6-D99E47C94DB9}.Release|Any CPU.ActiveCfg = Release|Any CPU
		{E6A8F159-FF7F-467E-ACD6-D99E47C94DB9}.Release|Any CPU.Build.0 = Release|Any CPU
	EndGlobalSection
	GlobalSection(SolutionProperties) = preSolution
		HideSolutionNode = FALSE
	EndGlobalSection
	GlobalSection(ExtensibilityGlobals) = postSolution
		SolutionGuid = {060BBCA4-EC83-4ABA-8182-AF74AE3FFAD0}
	EndGlobalSection
EndGlobal
